
Microsoft Visual Studio Solution File, Format Version 12.00
# Visual Studio Version 17
VisualStudioVersion = 17.14.36408.4 d17.14
MinimumVisualStudioVersion = 10.0.40219.1
Project("{FAE04EC0-301F-11D3-BF4B-00C04F79EFBC}") = "CourseManagementSystem", "CourseManagementSystem\CourseManagementSystem.csproj", "{AA665442-9199-46C3-9607-A36D9BA27991}"
EndProject
Global
	GlobalSection(SolutionConfigurationPlatforms) = preSolution
		Debug|Any CPU = Debug|Any CPU
		Release|Any CPU = Release|Any CPU
	EndGlobalSection
	GlobalSection(ProjectConfigurationPlatforms) = postSolution
		{AA665442-9199-46C3-9607-A36D9BA27991}.Debug|Any CPU.ActiveCfg = Debug|Any CPU
		{AA665442-9199-46C3-9607-A36D9BA27991}.Debug|Any CPU.Build.0 = Debug|Any CPU
		{AA665442-9199-46C3-9607-A36D9BA27991}.Release|Any CPU.ActiveCfg = Release|Any CPU
		{AA665442-9199-46C3-9607-A36D9BA27991}.Release|Any CPU.Build.0 = Release|Any CPU
	EndGlobalSection
	GlobalSection(SolutionProperties) = preSolution
		HideSolutionNode = FALSE
	EndGlobalSection
	GlobalSection(ExtensibilityGlobals) = postSolution
		SolutionGuid = {3E4D4893-65E6-41C2-8520-547FE9709652}
	EndGlobalSection
EndGlobal
